
Microsoft Visual Studio Solution File, Format Version 12.00
# Visual Studio 15
VisualStudioVersion = 15.0.28307.705
MinimumVisualStudioVersion = 10.0.40219.1
Project("{888888A0-9F3D-457C-B088-3A5042F75D52}") = "CNTK_RL_Baselines", "CNTK_RL_Baselines\CNTK_RL_Baselines.pyproj", "{B09C566B-D341-4CC9-942F-DFD2C89E5EFD}"
EndProject
Global
	GlobalSection(SolutionConfigurationPlatforms) = preSolution
		Debug|Any CPU = Debug|Any CPU
		Release|Any CPU = Release|Any CPU
	EndGlobalSection
	GlobalSection(ProjectConfigurationPlatforms) = postSolution
		{B09C566B-D341-4CC9-942F-DFD2C89E5EFD}.Debug|Any CPU.ActiveCfg = Debug|Any CPU
		{B09C566B-D341-4CC9-942F-DFD2C89E5EFD}.Release|Any CPU.ActiveCfg = Release|Any CPU
	EndGlobalSection
	GlobalSection(SolutionProperties) = preSolution
		HideSolutionNode = FALSE
	EndGlobalSection
	GlobalSection(ExtensibilityGlobals) = postSolution
		SolutionGuid = {65DEC40E-0EB1-4B00-88B8-9E8AFFE7D67B}
	EndGlobalSection
EndGlobal
